
Microsoft Visual Studio Solution File, Format Version 12.00
# Visual Studio Version 16
VisualStudioVersion = 16.0.28922.388
MinimumVisualStudioVersion = 10.0.40219.1
Project("{FAE04EC0-301F-11D3-BF4B-00C04F79EFBC}") = "porojetoCadastroPessoas.API", "porojetoCadastroPessoas.API\porojetoCadastroPessoas.API.csproj", "{4F21B49F-C4BC-4FB9-9715-F153BC074682}"
EndProject
Global
	GlobalSection(SolutionConfigurationPlatforms) = preSolution
		Debug|Any CPU = Debug|Any CPU
		Release|Any CPU = Release|Any CPU
	EndGlobalSection
	GlobalSection(ProjectConfigurationPlatforms) = postSolution
		{4F21B49F-C4BC-4FB9-9715-F153BC074682}.Debug|Any CPU.ActiveCfg = Debug|Any CPU
		{4F21B49F-C4BC-4FB9-9715-F153BC074682}.Debug|Any CPU.Build.0 = Debug|Any CPU
		{4F21B49F-C4BC-4FB9-9715-F153BC074682}.Release|Any CPU.ActiveCfg = Release|Any CPU
		{4F21B49F-C4BC-4FB9-9715-F153BC074682}.Release|Any CPU.Build.0 = Release|Any CPU
	EndGlobalSection
	GlobalSection(SolutionProperties) = preSolution
		HideSolutionNode = FALSE
	EndGlobalSection
	GlobalSection(ExtensibilityGlobals) = postSolution
		SolutionGuid = {0BE839E2-AD32-429D-AC3F-16BEFC2F02E8}
	EndGlobalSection
EndGlobal
